
Microsoft Visual Studio Solution File, Format Version 12.00
# Visual Studio Version 16
VisualStudioVersion = 16.0.31005.135
MinimumVisualStudioVersion = 10.0.40219.1
Project("{FAE04EC0-301F-11D3-BF4B-00C04F79EFBC}") = "KidriveComplexoClient", "KidriveComplexoClient\KidriveComplexoClient.csproj", "{CBBC08CC-0D6E-4617-8906-DD91CDE7D327}"
EndProject
Global
	GlobalSection(SolutionConfigurationPlatforms) = preSolution
		Debug|Any CPU = Debug|Any CPU
		Release|Any CPU = Release|Any CPU
	EndGlobalSection
	GlobalSection(ProjectConfigurationPlatforms) = postSolution
		{CBBC08CC-0D6E-4617-8906-DD91CDE7D327}.Debug|Any CPU.ActiveCfg = Debug|Any CPU
		{CBBC08CC-0D6E-4617-8906-DD91CDE7D327}.Debug|Any CPU.Build.0 = Debug|Any CPU
		{CBBC08CC-0D6E-4617-8906-DD91CDE7D327}.Release|Any CPU.ActiveCfg = Release|Any CPU
		{CBBC08CC-0D6E-4617-8906-DD91CDE7D327}.Release|Any CPU.Build.0 = Release|Any CPU
	EndGlobalSection
	GlobalSection(SolutionProperties) = preSolution
		HideSolutionNode = FALSE
	EndGlobalSection
	GlobalSection(ExtensibilityGlobals) = postSolution
		SolutionGuid = {3859689E-F20F-416B-9579-B724B167C3FE}
	EndGlobalSection
EndGlobal
